
Microsoft Visual Studio Solution File, Format Version 12.00
# Visual Studio Version 17
VisualStudioVersion = 17.2.32526.322
MinimumVisualStudioVersion = 10.0.40219.1
Project("{9A19103F-16F7-4668-BE54-9A1E7A4F7556}") = "Cst01basics", "Cst01basics\Cst01basics.csproj", "{2378D7D0-16E9-495C-B6C9-FDE8D9B141A7}"
EndProject
Project("{9A19103F-16F7-4668-BE54-9A1E7A4F7556}") = "Cst02types", "Cst02types\Cst02types.csproj", "{7C7D4DF4-E0DD-45B9-B335-BDB2B5A1E1FF}"
EndProject
Project("{9A19103F-16F7-4668-BE54-9A1E7A4F7556}") = "Cst03enum", "Cst03enum\Cst03enum.csproj", "{B4DE63C9-E7B6-48D7-AFF7-B8A20563DF3B}"
EndProject
Project("{9A19103F-16F7-4668-BE54-9A1E7A4F7556}") = "cst04array", "cst04array\cst04array.csproj", "{2742009D-A049-4571-A524-F596F0FFB0AD}"
EndProject
Project("{9A19103F-16F7-4668-BE54-9A1E7A4F7556}") = "cst05object", "cst05object\cst05object.csproj", "{4D1E8DBA-5207-4169-B861-116B77FBD288}"
EndProject
Project("{9A19103F-16F7-4668-BE54-9A1E7A4F7556}") = "cst06exception", "cst06exception\cst06exception.csproj", "{AC31512F-AFBE-4111-B410-B6087629D1D0}"
EndProject
Project("{9A19103F-16F7-4668-BE54-9A1E7A4F7556}") = "Cst08polymorphism", "Cst08polymorphism\Cst08polymorphism.csproj", "{0336A901-B2BB-4662-89E3-1498C966B345}"
EndProject
Project("{9A19103F-16F7-4668-BE54-9A1E7A4F7556}") = "Cst09abstraction", "Cst09abstraction\Cst09abstraction.csproj", "{A12DD110-07CD-4A28-AD60-A5B7638961BE}"
EndProject
Project("{9A19103F-16F7-4668-BE54-9A1E7A4F7556}") = "Cst10Aquarium", "Cst10Aquarium\Cst10Aquarium.csproj", "{43566557-9FC2-43CA-A245-A3EE4D4F6D83}"
EndProject
Project("{9A19103F-16F7-4668-BE54-9A1E7A4F7556}") = "Cst11OperatorsStructs", "Cst11OperatorsStructs\Cst11OperatorsStructs.csproj", "{6395ECB7-382C-48B3-A6E8-F1CC6838DEA0}"
EndProject
Project("{9A19103F-16F7-4668-BE54-9A1E7A4F7556}") = "Cst12AnimalFarm", "Cst12AnimalFarm\Cst12AnimalFarm.csproj", "{72002752-69A8-46F2-81F4-327DCCAE685E}"
EndProject
Project("{9A19103F-16F7-4668-BE54-9A1E7A4F7556}") = "Cst13Generics", "Cst13Generics\Cst13Generics.csproj", "{DE32138D-2062-47C1-85D9-D487062A662C}"
EndProject
Project("{9A19103F-16F7-4668-BE54-9A1E7A4F7556}") = "Cst14CollectionList", "Cst14CollectionList\Cst14CollectionList.csproj", "{4AE5C8F6-1CBF-41E3-A56E-CF804967E353}"
EndProject
Project("{FAE04EC0-301F-11D3-BF4B-00C04F79EFBC}") = "Cst15PostalBag", "Cst15PostalBag\Cst15PostalBag.csproj", "{A3AC005F-0867-4814-86E2-4401B2F61D79}"
EndProject
Global
	GlobalSection(SolutionConfigurationPlatforms) = preSolution
		Debug|Any CPU = Debug|Any CPU
		Release|Any CPU = Release|Any CPU
	EndGlobalSection
	GlobalSection(ProjectConfigurationPlatforms) = postSolution
		{2378D7D0-16E9-495C-B6C9-FDE8D9B141A7}.Debug|Any CPU.ActiveCfg = Debug|Any CPU
		{2378D7D0-16E9-495C-B6C9-FDE8D9B141A7}.Debug|Any CPU.Build.0 = Debug|Any CPU
		{2378D7D0-16E9-495C-B6C9-FDE8D9B141A7}.Release|Any CPU.ActiveCfg = Release|Any CPU
		{2378D7D0-16E9-495C-B6C9-FDE8D9B141A7}.Release|Any CPU.Build.0 = Release|Any CPU
		{7C7D4DF4-E0DD-45B9-B335-BDB2B5A1E1FF}.Debug|Any CPU.ActiveCfg = Debug|Any CPU
		{7C7D4DF4-E0DD-45B9-B335-BDB2B5A1E1FF}.Debug|Any CPU.Build.0 = Debug|Any CPU
		{7C7D4DF4-E0DD-45B9-B335-BDB2B5A1E1FF}.Release|Any CPU.ActiveCfg = Release|Any CPU
		{7C7D4DF4-E0DD-45B9-B335-BDB2B5A1E1FF}.Release|Any CPU.Build.0 = Release|Any CPU
		{B4DE63C9-E7B6-48D7-AFF7-B8A20563DF3B}.Debug|Any CPU.ActiveCfg = Debug|Any CPU
		{B4DE63C9-E7B6-48D7-AFF7-B8A20563DF3B}.Debug|Any CPU.Build.0 = Debug|Any CPU
		{B4DE63C9-E7B6-48D7-AFF7-B8A20563DF3B}.Release|Any CPU.ActiveCfg = Release|Any CPU
		{B4DE63C9-E7B6-48D7-AFF7-B8A20563DF3B}.Release|Any CPU.Build.0 = Release|Any CPU
		{2742009D-A049-4571-A524-F596F0FFB0AD}.Debug|Any CPU.ActiveCfg = Debug|Any CPU
		{2742009D-A049-4571-A524-F596F0FFB0AD}.Debug|Any CPU.Build.0 = Debug|Any CPU
		{2742009D-A049-4571-A524-F596F0FFB0AD}.Release|Any CPU.ActiveCfg = Release|Any CPU
		{2742009D-A049-4571-A524-F596F0FFB0AD}.Release|Any CPU.Build.0 = Release|Any CPU
		{4D1E8DBA-5207-4169-B861-116B77FBD288}.Debug|Any CPU.ActiveCfg = Debug|Any CPU
		{4D1E8DBA-5207-4169-B861-116B77FBD288}.Debug|Any CPU.Build.0 = Debug|Any CPU
		{4D1E8DBA-5207-4169-B861-116B77FBD288}.Release|Any CPU.ActiveCfg = Release|Any CPU
		{4D1E8DBA-5207-4169-B861-116B77FBD288}.Release|Any CPU.Build.0 = Release|Any CPU
		{AC31512F-AFBE-4111-B410-B6087629D1D0}.Debug|Any CPU.ActiveCfg = Debug|Any CPU
		{AC31512F-AFBE-4111-B410-B6087629D1D0}.Debug|Any CPU.Build.0 = Debug|Any CPU
		{AC31512F-AFBE-4111-B410-B6087629D1D0}.Release|Any CPU.ActiveCfg = Release|Any CPU
		{AC31512F-AFBE-4111-B410-B6087629D1D0}.Release|Any CPU.Build.0 = Release|Any CPU
		{0336A901-B2BB-4662-89E3-1498C966B345}.Debug|Any CPU.ActiveCfg = Debug|Any CPU
		{0336A901-B2BB-4662-89E3-1498C966B345}.Debug|Any CPU.Build.0 = Debug|Any CPU
		{0336A901-B2BB-4662-89E3-1498C966B345}.Release|Any CPU.ActiveCfg = Release|Any CPU
		{0336A901-B2BB-4662-89E3-1498C966B345}.Release|Any CPU.Build.0 = Release|Any CPU
		{A12DD110-07CD-4A28-AD60-A5B7638961BE}.Debug|Any CPU.ActiveCfg = Debug|Any CPU
		{A12DD110-07CD-4A28-AD60-A5B7638961BE}.Debug|Any CPU.Build.0 = Debug|Any CPU
		{A12DD110-07CD-4A28-AD60-A5B7638961BE}.Release|Any CPU.ActiveCfg = Release|Any CPU
		{A12DD110-07CD-4A28-AD60-A5B7638961BE}.Release|Any CPU.Build.0 = Release|Any CPU
		{43566557-9FC2-43CA-A245-A3EE4D4F6D83}.Debug|Any CPU.ActiveCfg = Debug|Any CPU
		{43566557-9FC2-43CA-A245-A3EE4D4F6D83}.Debug|Any CPU.Build.0 = Debug|Any CPU
		{43566557-9FC2-43CA-A245-A3EE4D4F6D83}.Release|Any CPU.ActiveCfg = Release|Any CPU
		{43566557-9FC2-43CA-A245-A3EE4D4F6D83}.Release|Any CPU.Build.0 = Release|Any CPU
		{6395ECB7-382C-48B3-A6E8-F1CC6838DEA0}.Debug|Any CPU.ActiveCfg = Debug|Any CPU
		{6395ECB7-382C-48B3-A6E8-F1CC6838DEA0}.Debug|Any CPU.Build.0 = Debug|Any CPU
		{6395ECB7-382C-48B3-A6E8-F1CC6838DEA0}.Release|Any CPU.ActiveCfg = Release|Any CPU
		{6395ECB7-382C-48B3-A6E8-F1CC6838DEA0}.Release|Any CPU.Build.0 = Release|Any CPU
		{72002752-69A8-46F2-81F4-327DCCAE685E}.Debug|Any CPU.ActiveCfg = Debug|Any CPU
		{72002752-69A8-46F2-81F4-327DCCAE685E}.Debug|Any CPU.Build.0 = Debug|Any CPU
		{72002752-69A8-46F2-81F4-327DCCAE685E}.Release|Any CPU.ActiveCfg = Release|Any CPU
		{72002752-69A8-46F2-81F4-327DCCAE685E}.Release|Any CPU.Build.0 = Release|Any CPU
		{DE32138D-2062-47C1-85D9-D487062A662C}.Debug|Any CPU.ActiveCfg = Debug|Any CPU
		{DE32138D-2062-47C1-85D9-D487062A662C}.Debug|Any CPU.Build.0 = Debug|Any CPU
		{DE32138D-2062-47C1-85D9-D487062A662C}.Release|Any CPU.ActiveCfg = Release|Any CPU
		{DE32138D-2062-47C1-85D9-D487062A662C}.Release|Any CPU.Build.0 = Release|Any CPU
		{4AE5C8F6-1CBF-41E3-A56E-CF804967E353}.Debug|Any CPU.ActiveCfg = Debug|Any CPU
		{4AE5C8F6-1CBF-41E3-A56E-CF804967E353}.Debug|Any CPU.Build.0 = Debug|Any CPU
		{4AE5C8F6-1CBF-41E3-A56E-CF804967E353}.Release|Any CPU.ActiveCfg = Release|Any CPU
		{4AE5C8F6-1CBF-41E3-A56E-CF804967E353}.Release|Any CPU.Build.0 = Release|Any CPU
		{A3AC005F-0867-4814-86E2-4401B2F61D79}.Debug|Any CPU.ActiveCfg = Debug|Any CPU
		{A3AC005F-0867-4814-86E2-4401B2F61D79}.Debug|Any CPU.Build.0 = Debug|Any CPU
		{A3AC005F-0867-4814-86E2-4401B2F61D79}.Release|Any CPU.ActiveCfg = Release|Any CPU
		{A3AC005F-0867-4814-86E2-4401B2F61D79}.Release|Any CPU.Build.0 = Release|Any CPU
	EndGlobalSection
	GlobalSection(SolutionProperties) = preSolution
		HideSolutionNode = FALSE
	EndGlobalSection
	GlobalSection(ExtensibilityGlobals) = postSolution
		SolutionGuid = {4440BE6E-D917-4199-98DC-4CD18E4C6A39}
	EndGlobalSection
EndGlobal
