
Microsoft Visual Studio Solution File, Format Version 12.00
# Visual Studio Version 17
VisualStudioVersion = 17.2.32526.322
MinimumVisualStudioVersion = 10.0.40219.1
Project("{9A19103F-16F7-4668-BE54-9A1E7A4F7556}") = "Cst01basics", "Cst01basics\Cst01basics.csproj", "{2378D7D0-16E9-495C-B6C9-FDE8D9B141A7}"
EndProject
Project("{9A19103F-16F7-4668-BE54-9A1E7A4F7556}") = "Cst02types", "Cst02types\Cst02types.csproj", "{7C7D4DF4-E0DD-45B9-B335-BDB2B5A1E1FF}"
EndProject
Project("{9A19103F-16F7-4668-BE54-9A1E7A4F7556}") = "Cst03enum", "Cst03enum\Cst03enum.csproj", "{B4DE63C9-E7B6-48D7-AFF7-B8A20563DF3B}"
EndProject
Project("{9A19103F-16F7-4668-BE54-9A1E7A4F7556}") = "cst04array", "cst04array\cst04array.csproj", "{2742009D-A049-4571-A524-F596F0FFB0AD}"
EndProject
Project("{9A19103F-16F7-4668-BE54-9A1E7A4F7556}") = "cst05object", "cst05object\cst05object.csproj", "{4D1E8DBA-5207-4169-B861-116B77FBD288}"
EndProject
Project("{9A19103F-16F7-4668-BE54-9A1E7A4F7556}") = "cst06exception", "cst06exception\cst06exception.csproj", "{AC31512F-AFBE-4111-B410-B6087629D1D0}"
EndProject
Project("{FAE04EC0-301F-11D3-BF4B-00C04F79EFBC}") = "cst07inheritance", "cst07inheritance\cst07inheritance.csproj", "{C7611F07-60A8-401C-A306-79285B514FBC}"
EndProject
Global
	GlobalSection(SolutionConfigurationPlatforms) = preSolution
		Debug|Any CPU = Debug|Any CPU
		Release|Any CPU = Release|Any CPU
	EndGlobalSection
	GlobalSection(ProjectConfigurationPlatforms) = postSolution
		{2378D7D0-16E9-495C-B6C9-FDE8D9B141A7}.Debug|Any CPU.ActiveCfg = Debug|Any CPU
		{2378D7D0-16E9-495C-B6C9-FDE8D9B141A7}.Debug|Any CPU.Build.0 = Debug|Any CPU
		{2378D7D0-16E9-495C-B6C9-FDE8D9B141A7}.Release|Any CPU.ActiveCfg = Release|Any CPU
		{2378D7D0-16E9-495C-B6C9-FDE8D9B141A7}.Release|Any CPU.Build.0 = Release|Any CPU
		{7C7D4DF4-E0DD-45B9-B335-BDB2B5A1E1FF}.Debug|Any CPU.ActiveCfg = Debug|Any CPU
		{7C7D4DF4-E0DD-45B9-B335-BDB2B5A1E1FF}.Debug|Any CPU.Build.0 = Debug|Any CPU
		{7C7D4DF4-E0DD-45B9-B335-BDB2B5A1E1FF}.Release|Any CPU.ActiveCfg = Release|Any CPU
		{7C7D4DF4-E0DD-45B9-B335-BDB2B5A1E1FF}.Release|Any CPU.Build.0 = Release|Any CPU
		{B4DE63C9-E7B6-48D7-AFF7-B8A20563DF3B}.Debug|Any CPU.ActiveCfg = Debug|Any CPU
		{B4DE63C9-E7B6-48D7-AFF7-B8A20563DF3B}.Debug|Any CPU.Build.0 = Debug|Any CPU
		{B4DE63C9-E7B6-48D7-AFF7-B8A20563DF3B}.Release|Any CPU.ActiveCfg = Release|Any CPU
		{B4DE63C9-E7B6-48D7-AFF7-B8A20563DF3B}.Release|Any CPU.Build.0 = Release|Any CPU
		{2742009D-A049-4571-A524-F596F0FFB0AD}.Debug|Any CPU.ActiveCfg = Debug|Any CPU
		{2742009D-A049-4571-A524-F596F0FFB0AD}.Debug|Any CPU.Build.0 = Debug|Any CPU
		{2742009D-A049-4571-A524-F596F0FFB0AD}.Release|Any CPU.ActiveCfg = Release|Any CPU
		{2742009D-A049-4571-A524-F596F0FFB0AD}.Release|Any CPU.Build.0 = Release|Any CPU
		{4D1E8DBA-5207-4169-B861-116B77FBD288}.Debug|Any CPU.ActiveCfg = Debug|Any CPU
		{4D1E8DBA-5207-4169-B861-116B77FBD288}.Debug|Any CPU.Build.0 = Debug|Any CPU
		{4D1E8DBA-5207-4169-B861-116B77FBD288}.Release|Any CPU.ActiveCfg = Release|Any CPU
		{4D1E8DBA-5207-4169-B861-116B77FBD288}.Release|Any CPU.Build.0 = Release|Any CPU
		{AC31512F-AFBE-4111-B410-B6087629D1D0}.Debug|Any CPU.ActiveCfg = Debug|Any CPU
		{AC31512F-AFBE-4111-B410-B6087629D1D0}.Debug|Any CPU.Build.0 = Debug|Any CPU
		{AC31512F-AFBE-4111-B410-B6087629D1D0}.Release|Any CPU.ActiveCfg = Release|Any CPU
		{AC31512F-AFBE-4111-B410-B6087629D1D0}.Release|Any CPU.Build.0 = Release|Any CPU
		{C7611F07-60A8-401C-A306-79285B514FBC}.Debug|Any CPU.ActiveCfg = Debug|Any CPU
		{C7611F07-60A8-401C-A306-79285B514FBC}.Debug|Any CPU.Build.0 = Debug|Any CPU
		{C7611F07-60A8-401C-A306-79285B514FBC}.Release|Any CPU.ActiveCfg = Release|Any CPU
		{C7611F07-60A8-401C-A306-79285B514FBC}.Release|Any CPU.Build.0 = Release|Any CPU
	EndGlobalSection
	GlobalSection(SolutionProperties) = preSolution
		HideSolutionNode = FALSE
	EndGlobalSection
	GlobalSection(ExtensibilityGlobals) = postSolution
		SolutionGuid = {4440BE6E-D917-4199-98DC-4CD18E4C6A39}
	EndGlobalSection
EndGlobal
